
Microsoft Visual Studio Solution File, Format Version 12.00
# Visual Studio Version 17
VisualStudioVersion = 17.8.34309.116
MinimumVisualStudioVersion = 10.0.40219.1
Project("{9A19103F-16F7-4668-BE54-9A1E7A4F7556}") = "Reflectensions", "Reflectensions\Reflectensions.csproj", "{062F24ED-C13B-4C24-A642-FCB414A2471B}"
EndProject
Project("{9A19103F-16F7-4668-BE54-9A1E7A4F7556}") = "Reflectensions.Tests", "Reflectensions.Tests\Reflectensions.Tests.csproj", "{8505BCCA-E5D2-47E5-B83A-3395D74A0DD2}"
EndProject
Project("{9A19103F-16F7-4668-BE54-9A1E7A4F7556}") = "_build", "build\_build.csproj", "{E120D774-307E-4FC2-9534-4B53930E80DC}"
EndProject
Project("{9A19103F-16F7-4668-BE54-9A1E7A4F7556}") = "Reflectensions.Common", "Reflectensions.Common\Reflectensions.Common.csproj", "{8197991E-40F9-402F-A055-F60F50312128}"
EndProject
Project("{9A19103F-16F7-4668-BE54-9A1E7A4F7556}") = "Reflectensions.Json", "Reflectensions.Json\Reflectensions.Json.csproj", "{F1BDE586-482A-4EA3-84AF-70A2538A7DAB}"
EndProject
Project("{9A19103F-16F7-4668-BE54-9A1E7A4F7556}") = "Reflectensions.Invoke", "Reflectensions.Invoke\Reflectensions.Invoke.csproj", "{713D17E9-1826-43BF-809A-17B5DFAFBF6E}"
EndProject
Project("{9A19103F-16F7-4668-BE54-9A1E7A4F7556}") = "Reflectensions.CommonExtensions", "Reflectensions.CommonExtensions\Reflectensions.CommonExtensions.csproj", "{0DE4D477-200D-43E3-9412-C8821798FBD8}"
EndProject
Project("{9A19103F-16F7-4668-BE54-9A1E7A4F7556}") = "Reflectensions.ExpandableObject", "Reflectensions.ExpandableObject\Reflectensions.ExpandableObject.csproj", "{C088EB9D-B83A-443E-AD31-19D3B711735F}"
EndProject
Project("{9A19103F-16F7-4668-BE54-9A1E7A4F7556}") = "Reflectensions.CodeDefinition", "Reflectensions.CodeDefinition\Reflectensions.CodeDefinition.csproj", "{7ABBC5FF-1EAC-4759-8874-5420DCE503CD}"
EndProject
Project("{FAE04EC0-301F-11D3-BF4B-00C04F79EFBC}") = "Reflectensions.AspNetCore", "Reflectensions.AspNetCore\Reflectensions.AspNetCore.csproj", "{59C2C553-0D7B-4CBA-8942-7D4B869959DD}"
EndProject
Global
	GlobalSection(SolutionConfigurationPlatforms) = preSolution
		Debug|Any CPU = Debug|Any CPU
		Release|Any CPU = Release|Any CPU
	EndGlobalSection
	GlobalSection(ProjectConfigurationPlatforms) = postSolution
		{062F24ED-C13B-4C24-A642-FCB414A2471B}.Debug|Any CPU.ActiveCfg = Debug|Any CPU
		{062F24ED-C13B-4C24-A642-FCB414A2471B}.Debug|Any CPU.Build.0 = Debug|Any CPU
		{062F24ED-C13B-4C24-A642-FCB414A2471B}.Release|Any CPU.ActiveCfg = Release|Any CPU
		{062F24ED-C13B-4C24-A642-FCB414A2471B}.Release|Any CPU.Build.0 = Release|Any CPU
		{8505BCCA-E5D2-47E5-B83A-3395D74A0DD2}.Debug|Any CPU.ActiveCfg = Debug|Any CPU
		{8505BCCA-E5D2-47E5-B83A-3395D74A0DD2}.Debug|Any CPU.Build.0 = Debug|Any CPU
		{8505BCCA-E5D2-47E5-B83A-3395D74A0DD2}.Release|Any CPU.ActiveCfg = Release|Any CPU
		{8505BCCA-E5D2-47E5-B83A-3395D74A0DD2}.Release|Any CPU.Build.0 = Release|Any CPU
		{E120D774-307E-4FC2-9534-4B53930E80DC}.Debug|Any CPU.ActiveCfg = Debug|Any CPU
		{E120D774-307E-4FC2-9534-4B53930E80DC}.Release|Any CPU.ActiveCfg = Release|Any CPU
		{8197991E-40F9-402F-A055-F60F50312128}.Debug|Any CPU.ActiveCfg = Debug|Any CPU
		{8197991E-40F9-402F-A055-F60F50312128}.Debug|Any CPU.Build.0 = Debug|Any CPU
		{8197991E-40F9-402F-A055-F60F50312128}.Release|Any CPU.ActiveCfg = Release|Any CPU
		{8197991E-40F9-402F-A055-F60F50312128}.Release|Any CPU.Build.0 = Release|Any CPU
		{F1BDE586-482A-4EA3-84AF-70A2538A7DAB}.Debug|Any CPU.ActiveCfg = Debug|Any CPU
		{F1BDE586-482A-4EA3-84AF-70A2538A7DAB}.Debug|Any CPU.Build.0 = Debug|Any CPU
		{F1BDE586-482A-4EA3-84AF-70A2538A7DAB}.Release|Any CPU.ActiveCfg = Release|Any CPU
		{F1BDE586-482A-4EA3-84AF-70A2538A7DAB}.Release|Any CPU.Build.0 = Release|Any CPU
		{713D17E9-1826-43BF-809A-17B5DFAFBF6E}.Debug|Any CPU.ActiveCfg = Debug|Any CPU
		{713D17E9-1826-43BF-809A-17B5DFAFBF6E}.Debug|Any CPU.Build.0 = Debug|Any CPU
		{713D17E9-1826-43BF-809A-17B5DFAFBF6E}.Release|Any CPU.ActiveCfg = Release|Any CPU
		{713D17E9-1826-43BF-809A-17B5DFAFBF6E}.Release|Any CPU.Build.0 = Release|Any CPU
		{0DE4D477-200D-43E3-9412-C8821798FBD8}.Debug|Any CPU.ActiveCfg = Debug|Any CPU
		{0DE4D477-200D-43E3-9412-C8821798FBD8}.Debug|Any CPU.Build.0 = Debug|Any CPU
		{0DE4D477-200D-43E3-9412-C8821798FBD8}.Release|Any CPU.ActiveCfg = Release|Any CPU
		{0DE4D477-200D-43E3-9412-C8821798FBD8}.Release|Any CPU.Build.0 = Release|Any CPU
		{C088EB9D-B83A-443E-AD31-19D3B711735F}.Debug|Any CPU.ActiveCfg = Debug|Any CPU
		{C088EB9D-B83A-443E-AD31-19D3B711735F}.Debug|Any CPU.Build.0 = Debug|Any CPU
		{C088EB9D-B83A-443E-AD31-19D3B711735F}.Release|Any CPU.ActiveCfg = Release|Any CPU
		{C088EB9D-B83A-443E-AD31-19D3B711735F}.Release|Any CPU.Build.0 = Release|Any CPU
		{7ABBC5FF-1EAC-4759-8874-5420DCE503CD}.Debug|Any CPU.ActiveCfg = Debug|Any CPU
		{7ABBC5FF-1EAC-4759-8874-5420DCE503CD}.Debug|Any CPU.Build.0 = Debug|Any CPU
		{7ABBC5FF-1EAC-4759-8874-5420DCE503CD}.Release|Any CPU.ActiveCfg = Release|Any CPU
		{7ABBC5FF-1EAC-4759-8874-5420DCE503CD}.Release|Any CPU.Build.0 = Release|Any CPU
		{59C2C553-0D7B-4CBA-8942-7D4B869959DD}.Debug|Any CPU.ActiveCfg = Debug|Any CPU
		{59C2C553-0D7B-4CBA-8942-7D4B869959DD}.Debug|Any CPU.Build.0 = Debug|Any CPU
		{59C2C553-0D7B-4CBA-8942-7D4B869959DD}.Release|Any CPU.ActiveCfg = Release|Any CPU
		{59C2C553-0D7B-4CBA-8942-7D4B869959DD}.Release|Any CPU.Build.0 = Release|Any CPU
	EndGlobalSection
	GlobalSection(SolutionProperties) = preSolution
		HideSolutionNode = FALSE
	EndGlobalSection
	GlobalSection(ExtensibilityGlobals) = postSolution
		SolutionGuid = {57006894-162D-432F-96BD-3DEE1DCC8E20}
	EndGlobalSection
EndGlobal
